
Microsoft Visual Studio Solution File, Format Version 12.00
# Visual Studio Version 16
VisualStudioVersion = 16.0.29926.136
MinimumVisualStudioVersion = 10.0.40219.1
Project("{FAE04EC0-301F-11D3-BF4B-00C04F79EFBC}") = "latihan inheritance", "latihan inheritance\latihan inheritance.csproj", "{875DC7E2-5329-4A16-9B84-36C2803EF30B}"
EndProject
Global
	GlobalSection(SolutionConfigurationPlatforms) = preSolution
		Debug|Any CPU = Debug|Any CPU
		Release|Any CPU = Release|Any CPU
	EndGlobalSection
	GlobalSection(ProjectConfigurationPlatforms) = postSolution
		{875DC7E2-5329-4A16-9B84-36C2803EF30B}.Debug|Any CPU.ActiveCfg = Debug|Any CPU
		{875DC7E2-5329-4A16-9B84-36C2803EF30B}.Debug|Any CPU.Build.0 = Debug|Any CPU
		{875DC7E2-5329-4A16-9B84-36C2803EF30B}.Release|Any CPU.ActiveCfg = Release|Any CPU
		{875DC7E2-5329-4A16-9B84-36C2803EF30B}.Release|Any CPU.Build.0 = Release|Any CPU
	EndGlobalSection
	GlobalSection(SolutionProperties) = preSolution
		HideSolutionNode = FALSE
	EndGlobalSection
	GlobalSection(ExtensibilityGlobals) = postSolution
		SolutionGuid = {3AD583EF-0BDC-4595-9E51-0AA257DDAA28}
	EndGlobalSection
EndGlobal
